
Microsoft Visual Studio Solution File, Format Version 12.00
# Visual Studio Version 16
VisualStudioVersion = 16.0.29201.188
MinimumVisualStudioVersion = 10.0.40219.1
Project("{FAE04EC0-301F-11D3-BF4B-00C04F79EFBC}") = "TaxCalculatorDemo", "TaxCalculatorDemo.csproj", "{353CC6D1-2F54-4AA4-875C-28EDDADF711E}"
EndProject
Global
	GlobalSection(SolutionConfigurationPlatforms) = preSolution
		Debug|Any CPU = Debug|Any CPU
		Release|Any CPU = Release|Any CPU
	EndGlobalSection
	GlobalSection(ProjectConfigurationPlatforms) = postSolution
		{353CC6D1-2F54-4AA4-875C-28EDDADF711E}.Debug|Any CPU.ActiveCfg = Debug|Any CPU
		{353CC6D1-2F54-4AA4-875C-28EDDADF711E}.Debug|Any CPU.Build.0 = Debug|Any CPU
		{353CC6D1-2F54-4AA4-875C-28EDDADF711E}.Release|Any CPU.ActiveCfg = Release|Any CPU
		{353CC6D1-2F54-4AA4-875C-28EDDADF711E}.Release|Any CPU.Build.0 = Release|Any CPU
	EndGlobalSection
	GlobalSection(SolutionProperties) = preSolution
		HideSolutionNode = FALSE
	EndGlobalSection
	GlobalSection(ExtensibilityGlobals) = postSolution
		SolutionGuid = {C7D60FEB-899F-4EC2-8A74-7063A8B95262}
	EndGlobalSection
EndGlobal
